
Microsoft Visual Studio Solution File, Format Version 12.00
# Visual Studio Version 17
VisualStudioVersion = 17.7.34031.279
MinimumVisualStudioVersion = 10.0.40219.1
Project("{FAE04EC0-301F-11D3-BF4B-00C04F79EFBC}") = "FilterArrayString", "FilterArrayString.csproj", "{45026AF3-5B7C-4E85-B683-446B5BC1463A}"
EndProject
Global
	GlobalSection(SolutionConfigurationPlatforms) = preSolution
		Debug|Any CPU = Debug|Any CPU
		Release|Any CPU = Release|Any CPU
	EndGlobalSection
	GlobalSection(ProjectConfigurationPlatforms) = postSolution
		{45026AF3-5B7C-4E85-B683-446B5BC1463A}.Debug|Any CPU.ActiveCfg = Debug|Any CPU
		{45026AF3-5B7C-4E85-B683-446B5BC1463A}.Debug|Any CPU.Build.0 = Debug|Any CPU
		{45026AF3-5B7C-4E85-B683-446B5BC1463A}.Release|Any CPU.ActiveCfg = Release|Any CPU
		{45026AF3-5B7C-4E85-B683-446B5BC1463A}.Release|Any CPU.Build.0 = Release|Any CPU
	EndGlobalSection
	GlobalSection(SolutionProperties) = preSolution
		HideSolutionNode = FALSE
	EndGlobalSection
	GlobalSection(ExtensibilityGlobals) = postSolution
		SolutionGuid = {D93B09D9-4171-49B2-93D4-2A502176EF04}
	EndGlobalSection
EndGlobal
